
Microsoft Visual Studio Solution File, Format Version 12.00
# Visual Studio 15
VisualStudioVersion = 15.0.28010.2003
MinimumVisualStudioVersion = 10.0.40219.1
Project("{8BC9CEB8-8B4A-11D0-8D11-00A0C91BC942}") = "HELLO", "HELLO.vcxproj", "{F08DFD01-9E7F-4627-8685-13FE52511A77}"
EndProject
Global
	GlobalSection(SolutionConfigurationPlatforms) = preSolution
		Debug|x64 = Debug|x64
		Debug|x86 = Debug|x86
		Release|x64 = Release|x64
		Release|x86 = Release|x86
	EndGlobalSection
	GlobalSection(ProjectConfigurationPlatforms) = postSolution
		{F08DFD01-9E7F-4627-8685-13FE52511A77}.Debug|x64.ActiveCfg = Debug|x64
		{F08DFD01-9E7F-4627-8685-13FE52511A77}.Debug|x64.Build.0 = Debug|x64
		{F08DFD01-9E7F-4627-8685-13FE52511A77}.Debug|x86.ActiveCfg = Debug|Win32
		{F08DFD01-9E7F-4627-8685-13FE52511A77}.Debug|x86.Build.0 = Debug|Win32
		{F08DFD01-9E7F-4627-8685-13FE52511A77}.Release|x64.ActiveCfg = Release|x64
		{F08DFD01-9E7F-4627-8685-13FE52511A77}.Release|x64.Build.0 = Release|x64
		{F08DFD01-9E7F-4627-8685-13FE52511A77}.Release|x86.ActiveCfg = Release|Win32
		{F08DFD01-9E7F-4627-8685-13FE52511A77}.Release|x86.Build.0 = Release|Win32
	EndGlobalSection
	GlobalSection(SolutionProperties) = preSolution
		HideSolutionNode = FALSE
	EndGlobalSection
	GlobalSection(ExtensibilityGlobals) = postSolution
		SolutionGuid = {782EBB92-AA32-4AA5-8105-343A6B433FEB}
	EndGlobalSection
EndGlobal
