
Microsoft Visual Studio Solution File, Format Version 12.00
# Visual Studio 15
VisualStudioVersion = 15.0.28010.2003
MinimumVisualStudioVersion = 10.0.40219.1
Project("{8BC9CEB8-8B4A-11D0-8D11-00A0C91BC942}") = "HELLOEXPLICIT", "HELLOEXPLICIT.vcxproj", "{E08D70C1-BE32-4A68-88E6-1BBF35B81FD2}"
EndProject
Global
	GlobalSection(SolutionConfigurationPlatforms) = preSolution
		Debug|x64 = Debug|x64
		Debug|x86 = Debug|x86
		Release|x64 = Release|x64
		Release|x86 = Release|x86
	EndGlobalSection
	GlobalSection(ProjectConfigurationPlatforms) = postSolution
		{E08D70C1-BE32-4A68-88E6-1BBF35B81FD2}.Debug|x64.ActiveCfg = Debug|x64
		{E08D70C1-BE32-4A68-88E6-1BBF35B81FD2}.Debug|x64.Build.0 = Debug|x64
		{E08D70C1-BE32-4A68-88E6-1BBF35B81FD2}.Debug|x86.ActiveCfg = Debug|Win32
		{E08D70C1-BE32-4A68-88E6-1BBF35B81FD2}.Debug|x86.Build.0 = Debug|Win32
		{E08D70C1-BE32-4A68-88E6-1BBF35B81FD2}.Release|x64.ActiveCfg = Release|x64
		{E08D70C1-BE32-4A68-88E6-1BBF35B81FD2}.Release|x64.Build.0 = Release|x64
		{E08D70C1-BE32-4A68-88E6-1BBF35B81FD2}.Release|x86.ActiveCfg = Release|Win32
		{E08D70C1-BE32-4A68-88E6-1BBF35B81FD2}.Release|x86.Build.0 = Release|Win32
	EndGlobalSection
	GlobalSection(SolutionProperties) = preSolution
		HideSolutionNode = FALSE
	EndGlobalSection
	GlobalSection(ExtensibilityGlobals) = postSolution
		SolutionGuid = {D8E027D9-5DDF-487F-BD1C-D3EEEA68E892}
	EndGlobalSection
EndGlobal
