
Microsoft Visual Studio Solution File, Format Version 12.00
# Visual Studio 15
VisualStudioVersion = 15.0.28010.2003
MinimumVisualStudioVersion = 10.0.40219.1
Project("{8BC9CEB8-8B4A-11D0-8D11-00A0C91BC942}") = "Window1", "Window1.vcxproj", "{CC4889C9-2769-4FD5-AAE7-37EF1DE12F90}"
EndProject
Global
	GlobalSection(SolutionConfigurationPlatforms) = preSolution
		Debug|x64 = Debug|x64
		Debug|x86 = Debug|x86
		Release|x64 = Release|x64
		Release|x86 = Release|x86
	EndGlobalSection
	GlobalSection(ProjectConfigurationPlatforms) = postSolution
		{CC4889C9-2769-4FD5-AAE7-37EF1DE12F90}.Debug|x64.ActiveCfg = Debug|x64
		{CC4889C9-2769-4FD5-AAE7-37EF1DE12F90}.Debug|x64.Build.0 = Debug|x64
		{CC4889C9-2769-4FD5-AAE7-37EF1DE12F90}.Debug|x86.ActiveCfg = Debug|Win32
		{CC4889C9-2769-4FD5-AAE7-37EF1DE12F90}.Debug|x86.Build.0 = Debug|Win32
		{CC4889C9-2769-4FD5-AAE7-37EF1DE12F90}.Release|x64.ActiveCfg = Release|x64
		{CC4889C9-2769-4FD5-AAE7-37EF1DE12F90}.Release|x64.Build.0 = Release|x64
		{CC4889C9-2769-4FD5-AAE7-37EF1DE12F90}.Release|x86.ActiveCfg = Release|Win32
		{CC4889C9-2769-4FD5-AAE7-37EF1DE12F90}.Release|x86.Build.0 = Release|Win32
	EndGlobalSection
	GlobalSection(SolutionProperties) = preSolution
		HideSolutionNode = FALSE
	EndGlobalSection
	GlobalSection(ExtensibilityGlobals) = postSolution
		SolutionGuid = {11CE0454-0312-423F-B36E-4CE57DDBED8D}
	EndGlobalSection
EndGlobal
